{
  "requires": true,
  "lockfileVersion": 1,
  "dependencies": {
    "@angular/animations": {
      "version": "5.2.5",
      "resolved": "https://registry.npmjs.org/@angular/animations/-/animations-5.2.5.tgz",
      "integrity": "sha512-70ElCmaeDxLQc2OkgYhJjXj4zjtdjI4K1D5ZZm/uSPLlUcqC6uf6skCXlhMawQoPbsL/SXE5xw2HlMgEbhUysw==",
      "requires": {
        "tslib": "1.9.0"
      }
    },
    "@angular/cdk": {
      "version": "5.2.1",
      "resolved": "https://registry.npmjs.org/@angular/cdk/-/cdk-5.2.1.tgz",
      "integrity": "sha512-8vsHeRymM+p82JeBzanrjmxp0koTU5W8cXO05ojECRsj6gUE/C950rMfFDga7fC8Pu5KTru/hWQoOcKErb3Uzg==",
      "requires": {
        "tslib": "1.9.0"
      }
    },
    "@angular/material": {
      "version": "5.2.1",
      "resolved": "https://registry.npmjs.org/@angular/material/-/material-5.2.1.tgz",
      "integrity": "sha512-94VmxclpIwXAxeudz9AfMg0m46/TEx/GsDZ7R9yOtrbptAr9xSgOumiEqET4Xjb35/mzgD/PKqlcMWyHJCkyVQ==",
      "requires": {
        "tslib": "1.9.0"
      }
    },
    "tslib": {
      "version": "1.9.0",
      "resolved": "https://registry.npmjs.org/tslib/-/tslib-1.9.0.tgz",
      "integrity": "sha512-f/qGG2tUkrISBlQZEjEqoZ3B2+npJjIf04H1wuAv9iA8i04Icp+61KRXxFdha22670NJopsZCIjhC3SnjPRKrQ=="
    }
  }
}
